
Microsoft Visual Studio Solution File, Format Version 12.00
# Visual Studio Version 17
VisualStudioVersion = 17.5.002.0
MinimumVisualStudioVersion = 10.0.40219.1
Project("{9A19103F-16F7-4668-BE54-9A1E7A4F7556}") = "ASPnetMVCCRUD", "ASPnetMVCCRUD.csproj", "{5186832E-F1B9-4641-9AF4-31F7E9090913}"
EndProject
Project("{FAE04EC0-301F-11D3-BF4B-00C04F79EFBC}") = "DotNetWebApi", "..\..\..\Aman\webapi\DotNetWebApi\DotNetWebApi.csproj", "{954CEE04-EFC4-4C9B-9CAF-0D7CE425D525}"
EndProject
Global
	GlobalSection(SolutionConfigurationPlatforms) = preSolution
		Debug|Any CPU = Debug|Any CPU
		Release|Any CPU = Release|Any CPU
	EndGlobalSection
	GlobalSection(ProjectConfigurationPlatforms) = postSolution
		{5186832E-F1B9-4641-9AF4-31F7E9090913}.Debug|Any CPU.ActiveCfg = Debug|Any CPU
		{5186832E-F1B9-4641-9AF4-31F7E9090913}.Debug|Any CPU.Build.0 = Debug|Any CPU
		{5186832E-F1B9-4641-9AF4-31F7E9090913}.Release|Any CPU.ActiveCfg = Release|Any CPU
		{5186832E-F1B9-4641-9AF4-31F7E9090913}.Release|Any CPU.Build.0 = Release|Any CPU
		{954CEE04-EFC4-4C9B-9CAF-0D7CE425D525}.Debug|Any CPU.ActiveCfg = Debug|Any CPU
		{954CEE04-EFC4-4C9B-9CAF-0D7CE425D525}.Debug|Any CPU.Build.0 = Debug|Any CPU
		{954CEE04-EFC4-4C9B-9CAF-0D7CE425D525}.Release|Any CPU.ActiveCfg = Release|Any CPU
		{954CEE04-EFC4-4C9B-9CAF-0D7CE425D525}.Release|Any CPU.Build.0 = Release|Any CPU
	EndGlobalSection
	GlobalSection(SolutionProperties) = preSolution
		HideSolutionNode = FALSE
	EndGlobalSection
	GlobalSection(ExtensibilityGlobals) = postSolution
		SolutionGuid = {6CFA2D0A-A5E2-4BC0-A876-764E04A5BB7D}
	EndGlobalSection
EndGlobal
